camlistore.org v0.0.0-20171230002226-a5a65f0d8b22/go.mod h1:mzAP6ICVzPdfO0f3N9hAVWhO7qplHF7mbFhGsGdErTI=
github.com/drhodes/golorem v0.0.0-20160418191928-ecccc744c2d9 h1:EQOZw/LCQ0SM4sNez3EhUf9gQalQrLrs4mPtmQa+d58=
github.com/drhodes/golorem v0.0.0-20160418191928-ecccc744c2d9/go.mod h1:NsKVpF4h4j13Vm6Cx7Kf0V03aJKjfaStvm5rvK4+FyQ=
github.com/emersion/go-imap v1.0.0-beta.1 h1:bTCaVlUnb5mKoW9lEukusxguSYYZPer+q0g5t+vw5X0=
github.com/emersion/go-imap v1.0.0-beta.1/go.mod h1:oydmHwiyv92ZOiNfQY9BDax5heePWN8P2+W1B2T6qjc=
github.com/emersion/go-imap-compress v0.0.0-20170105185004-f036eda44681 h1:xihom5g2Ps+rZxfKiXMKjvWlvrrW4QjSu4Vz1wgT5es=
github.com/emersion/go-imap-compress v0.0.0-20170105185004-f036eda44681/go.mod h1:2Ro1PbmiqYiRe5Ct2sGR5hHaKSVHeRpVZwXx8vyYt98=
github.com/emersion/go-imap-enable v0.0.0-20171113210557-34871b6fe7d2 h1:BStx8zdcYbH5f8OyfgJ40GZAwabb4I8ghKiRI/RHHxM=
github.com/emersion/go-imap-enable v0.0.0-20171113210557-34871b6fe7d2/go.mod h1:XAkBW6EJ5MFuwRr09ZEVX9r6tMt9ztyqPWsH5KVBWcU=
github.com/emersion/go-imap-idle v0.0.0-20180114101550-2af93776db6b h1:q4qkNe/W10qFGD3RWd4meQTkD0+Zrz0L4ekMvlptg60=
github.com/emersion/go-imap-idle v0.0.0-20180114101550-2af93776db6b/go.mod h1:o14zPKCmEH5WC1vU5SdPoZGgNvQx7zzKSnxPQlobo78=
github.com/emersion/go-imap-proxy v0.0.0-20171212131948-512b52b56e7f/go.mod h1:flrST5hHJADhaE+xHG3AZb1+PWT1zYxA8G3EiL27bPo=
github.com/emersion/go-message v0.0.0-20170802224156-1716e3f473f9/go.mod h1:m3cK90skCWxm5sIMs1sXxly4Tn9Plvcf6eayHZJ1NzM=
github.com/emersion/go-oauthdialog v0.0.0-20160528192336-53626322c75d h1:VxE3LpiPQ8qVtDz4G3hcy4THFNUa1x+mUiLBZ0tIrQ4=
github.com/emersion/go-oauthdialog v0.0.0-20160528192336-53626322c75d/go.mod h1:zbRvsst9FFTRc8kdqAQHziigyi5zGptw1QTsxEy+A8c=
github.com/emersion/go-pgpmail v0.0.0-20171212131820-03c895a79e3f h1:G52GUxPmp5P5Z85CwHX4ATHlMFI14OiYvSh06PbCNLc=
github.com/emersion/go-pgpmail v0.0.0-20171212131820-03c895a79e3f/go.mod h1:aXMvu8pZytWEatnmweXjGyKhc3C94A13tykn4aG1lIk=
github.com/emersion/go-sasl v0.0.0-20161116183048-7e096a0a6197 h1:rDJPbyliyym8ZL/Wt71kdolp6yaD4fLIQz638E6JEt0=
github.com/emersion/go-sasl v0.0.0-20161116183048-7e096a0a6197/go.mod h1:G/dpzLu16WtQpBfQ/z3LYiYJn3ZhKSGWn83fyoyQe/k=
github.com/emersion/go-smtp v0.0.0-20180204110156-a63104657743 h1:XDUNh5XH0U+XE+hM9ytjPbgq6FnQFOKDZt0BWt79n18=
github.com/emersion/go-smtp v0.0.0-20180204110156-a63104657743/go.mod h1:pWTu8vaUWw7VstSr/kt92tqtcF46ynjh5BUvQRRjHvI=
github.com/emersion/go-textwrapper v0.0.0-20160606182133-d0e65e56babe/go.mod h1:aqO8z8wPrjkscevZJFVE1wXJrLpC5LtJG7fqLOsPb2U=
github.com/gdamore/encoding v0.0.0-20151215212835-b23993cbb635 h1:hheUEMzaOie/wKeIc1WPa7CDVuIO5hqQxjS+dwTQEnI=
github.com/gdamore/encoding v0.0.0-20151215212835-b23993cbb635/go.mod h1:yrQYJKKDTrHmbYxI7CYi+/hbdiDT2m4Hj+t0ikCjsrQ=
github.com/gdamore/tcell v1.0.0 h1:oaly4AkxvDT5ffKHV/n4L8iy6FxG2QkAVl0M6cjryuE=
github.com/gdamore/tcell v1.0.0/go.mod h1:tqyG50u7+Ctv1w5VX67kLzKcj9YXR/JSBZQq/+mLl1A=
github.com/golang/protobuf v1.0.0/go.mod h1:6lQm79b+lXiMfvg/cZm0SGofjICqVBUtrP5yJMmIC1U=
github.com/lucasb-eyer/go-colorful v0.0.0-20170903184257-231272389856 h1:r+WvXmgROttp7pckv7TPN7OCUEPXmvhRklOOsL2iPPc=
github.com/lucasb-eyer/go-colorful v0.0.0-20170903184257-231272389856/go.mod h1:NXg0ArsFk0Y01623LgUqoqcouGDB+PwCCQlrwrG6xJ4=
github.com/mattn/go-runewidth v0.0.2 h1:UnlwIPBGaTZfPQ6T1IGzPI0EkYAQmT9fAEJ/poFC63o=
github.com/mattn/go-runewidth v0.0.2/go.mod h1:LwmH8dsx7+W8Uxz3IHJYH5QSwggIsqBzpuz5H//U1FU=
github.com/rivo/tview v0.0.0-20180215173527-f6602e7eb19c h1:OsLoF1HRH6QmPIUa2ugITQveCMDanhIRwHlP0jvwWok=
github.com/rivo/tview v0.0.0-20180215173527-f6602e7eb19c/go.mod h1:J4W+hErFfITUbyFAEXizpmkuxX7ZN56dopxHB4XQhMw=
github.com/skratchdot/open-golang v0.0.0-20160302144031-75fb7ed4208c h1:fyKiXKO1/I/B6Y2U8T7WdQGWzwehOuGIrljPtt7YTTI=
github.com/skratchdot/open-golang v0.0.0-20160302144031-75fb7ed4208c/go.mod h1:sUM3LWHvSMaG192sy56D9F7CNvL7jUJVXoqM1QKLnog=
golang.org/x/crypto v0.0.0-20180214000028-650f4a345ab4 h1:OfaUle5HH9Y0obNU74mlOZ/Igdtwi3eGOKcljJsTnbw=
golang.org/x/crypto v0.0.0-20180214000028-650f4a345ab4/go.mod h1:6SG95UA2DQfeDnfUPMdvaQW0Q7yPrPDi9nlGo2tz2b4=
golang.org/x/net v0.0.0-20180218175443-cbe0f9307d01 h1:po1f06KS05FvIQQA2pMuOWZAUXiy1KYdIf0ElUU2Hhc=
golang.org/x/net v0.0.0-20180218175443-cbe0f9307d01/go.mod h1:mL1N/T3taQHkDXs73rZJwtUhF3w3ftmwwsq0BUmARs4=
golang.org/x/oauth2 v0.0.0-20180207181906-543e37812f10 h1:ztZz7pTbygSoJgnsO6TYI8nOvZp3HowfTtpGeFuSu5g=
golang.org/x/oauth2 v0.0.0-20180207181906-543e37812f10/go.mod h1:N/0e6XlmueqKjAGxoOufVs8QHGRruUQn6yWY3a++T0U=
golang.org/x/text v0.0.0-20180208041248-4e4a3210bb54 h1:a5WocgxWTnjG0C4hZblDx+yonFbQMMbv8yJGhHMz/nY=
golang.org/x/text v0.0.0-20180208041248-4e4a3210bb54/go.mod h1:NqM8EUOU14njkJ3fqMW+pc6Ldnwhi/IjpwHt7yyuwOQ=
google.golang.org/appengine v1.0.0/go.mod h1:EbEs0AVv82hx2wNQdGPgUI5lhzA/G0D9YwlJXL52JkM=
