# This file is autogenerated, do not edit; changes may be undone by the next 'dep ensure'.


[[projects]]
  branch = "master"
  name = "camlistore.org"
  packages = ["pkg/misc/pinentry"]
  revision = "a5a65f0d8b2281c4cc8c259ba882dd0ec851427f"

[[projects]]
  branch = "master"
  name = "github.com/drhodes/golorem"
  packages = ["."]
  revision = "ecccc744c2d953a1e13cbe5e5fc5d4cbc9b8daeb"

[[projects]]
  branch = "v1"
  name = "github.com/emersion/go-imap"
  packages = [
    ".",
    "backend",
    "client",
    "commands",
    "responses",
    "server",
    "utf7"
  ]
  revision = "db2527e3b3931fbb4b4e650165816f3570f73875"

[[projects]]
  branch = "master"
  name = "github.com/emersion/go-imap-compress"
  packages = ["."]
  revision = "f036eda446815469cea9e334748d166a33fbe270"

[[projects]]
  branch = "master"
  name = "github.com/emersion/go-imap-enable"
  packages = ["."]
  revision = "34871b6fe7d2e21e9349da8172914b3b4805936a"

[[projects]]
  branch = "master"
  name = "github.com/emersion/go-imap-proxy"
  packages = ["."]
  revision = "512b52b56e7f81bdd3cdde8ab360834287e8762f"

[[projects]]
  branch = "master"
  name = "github.com/emersion/go-oauthdialog"
  packages = ["."]
  revision = "53626322c75d49bd4999098891aed757f61d5041"

[[projects]]
  branch = "master"
  name = "github.com/emersion/go-pgpmail"
  packages = [
    ".",
    "imap",
    "local"
  ]
  revision = "03c895a79e3febeb9c18984c0d2d16dddd50cbcb"

[[projects]]
  branch = "master"
  name = "github.com/emersion/go-sasl"
  packages = ["."]
  revision = "7e096a0a6197b89989e8cc31016daa67c8c62051"

[[projects]]
  branch = "master"
  name = "github.com/emersion/go-smtp"
  packages = ["."]
  revision = "a63104657743890cb7c2fd54f15a2725291f6a9f"

[[projects]]
  branch = "master"
  name = "github.com/gdamore/encoding"
  packages = ["."]
  revision = "b23993cbb6353f0e6aa98d0ee318a34728f628b9"

[[projects]]
  name = "github.com/gdamore/tcell"
  packages = [
    ".",
    "terminfo"
  ]
  revision = "061d51a604c546b48e92253cb65190d76cecf4c6"
  version = "v1.0.0"

[[projects]]
  name = "github.com/golang/protobuf"
  packages = ["proto"]
  revision = "925541529c1fa6821df4e44ce2723319eb2be768"
  version = "v1.0.0"

[[projects]]
  branch = "master"
  name = "github.com/lucasb-eyer/go-colorful"
  packages = ["."]
  revision = "231272389856c976b7500c4fffcc52ddf06ff4eb"

[[projects]]
  name = "github.com/mattn/go-runewidth"
  packages = ["."]
  revision = "9e777a8366cce605130a531d2cd6363d07ad7317"
  version = "v0.0.2"

[[projects]]
  branch = "master"
  name = "github.com/rivo/tview"
  packages = ["."]
  revision = "f6602e7eb19c471c4d7d715f3bb6a967ebad8b76"

[[projects]]
  branch = "master"
  name = "github.com/skratchdot/open-golang"
  packages = ["open"]
  revision = "75fb7ed4208cf72d323d7d02fd1a5964a7a9073c"

[[projects]]
  branch = "master"
  name = "golang.org/x/crypto"
  packages = [
    "cast5",
    "openpgp",
    "openpgp/armor",
    "openpgp/elgamal",
    "openpgp/errors",
    "openpgp/packet",
    "openpgp/s2k"
  ]
  revision = "650f4a345ab4e5b245a3034b110ebc7299e68186"

[[projects]]
  branch = "master"
  name = "golang.org/x/net"
  packages = [
    "context",
    "context/ctxhttp"
  ]
  revision = "cbe0f9307d0156177f9dd5dc85da1a31abc5f2fb"

[[projects]]
  branch = "master"
  name = "golang.org/x/oauth2"
  packages = [
    ".",
    "internal"
  ]
  revision = "543e37812f10c46c622c9575afd7ad22f22a12ba"

[[projects]]
  branch = "master"
  name = "golang.org/x/text"
  packages = [
    "encoding",
    "encoding/internal/identifier",
    "internal/gen",
    "transform",
    "unicode/cldr"
  ]
  revision = "4e4a3210bb54bb31f6ab2cdca2edcc0b50c420c1"

[[projects]]
  name = "google.golang.org/appengine"
  packages = [
    "internal",
    "internal/base",
    "internal/datastore",
    "internal/log",
    "internal/remote_api",
    "internal/urlfetch",
    "urlfetch"
  ]
  revision = "150dc57a1b433e64154302bdc40b6bb8aefa313a"
  version = "v1.0.0"

[solve-meta]
  analyzer-name = "dep"
  analyzer-version = 1
  inputs-digest = "6aeda6871001020af0a2635919f414f7dad28016512cc8fe0b48f43ec70b98da"
  solver-name = "gps-cdcl"
  solver-version = 1
