# This file is autogenerated, do not edit; changes may be undone by the next 'dep ensure'.


[[projects]]
  branch = "master"
  name = "camlistore.org"
  packages = ["pkg/misc/pinentry"]
  revision = "a5a65f0d8b2281c4cc8c259ba882dd0ec851427f"

[[projects]]
  branch = "master"
  name = "github.com/drhodes/golorem"
  packages = ["."]
  revision = "ecccc744c2d953a1e13cbe5e5fc5d4cbc9b8daeb"

[[projects]]
  name = "github.com/emersion/go-imap"
  packages = [
    ".",
    "backend",
    "client",
    "commands",
    "responses",
    "server",
    "utf7"
  ]
  revision = "840b16b212bff35b595e708937c6d60861cfab49"
  version = "v0.9"

[[projects]]
  branch = "master"
  name = "github.com/emersion/go-imap-proxy"
  packages = ["."]
  revision = "512b52b56e7f81bdd3cdde8ab360834287e8762f"

[[projects]]
  name = "github.com/emersion/go-message"
  packages = [
    ".",
    "charset"
  ]
  revision = "1716e3f473f914d0f63389271fbe851c749e0ab4"
  version = "v0.9"

[[projects]]
  branch = "master"
  name = "github.com/emersion/go-pgpmail"
  packages = [
    ".",
    "imap",
    "local",
    "pgpmessage"
  ]
  revision = "03c895a79e3febeb9c18984c0d2d16dddd50cbcb"

[[projects]]
  branch = "master"
  name = "github.com/emersion/go-sasl"
  packages = ["."]
  revision = "7e096a0a6197b89989e8cc31016daa67c8c62051"

[[projects]]
  branch = "master"
  name = "github.com/emersion/go-smtp"
  packages = ["."]
  revision = "a63104657743890cb7c2fd54f15a2725291f6a9f"

[[projects]]
  branch = "master"
  name = "github.com/emersion/go-textwrapper"
  packages = ["."]
  revision = "d0e65e56babe3f687ff94c1d764ca0e6aa7723ee"

[[projects]]
  branch = "master"
  name = "github.com/gdamore/encoding"
  packages = ["."]
  revision = "b23993cbb6353f0e6aa98d0ee318a34728f628b9"

[[projects]]
  name = "github.com/gdamore/tcell"
  packages = [
    ".",
    "terminfo"
  ]
  revision = "061d51a604c546b48e92253cb65190d76cecf4c6"
  version = "v1.0.0"

[[projects]]
  branch = "master"
  name = "github.com/guelfey/go.dbus"
  packages = ["."]
  revision = "f6a3a2366cc39b8479cadc499d3c735fb10fbdda"

[[projects]]
  branch = "master"
  name = "github.com/lucasb-eyer/go-colorful"
  packages = ["."]
  revision = "231272389856c976b7500c4fffcc52ddf06ff4eb"

[[projects]]
  name = "github.com/mattn/go-runewidth"
  packages = ["."]
  revision = "9e777a8366cce605130a531d2cd6363d07ad7317"
  version = "v0.0.2"

[[projects]]
  branch = "master"
  name = "github.com/rivo/tview"
  packages = ["."]
  revision = "f6602e7eb19c471c4d7d715f3bb6a967ebad8b76"

[[projects]]
  branch = "master"
  name = "github.com/tmc/keyring"
  packages = ["."]
  revision = "839169085ae146fc7a34bcb34dfd7ab216d23991"

[[projects]]
  branch = "master"
  name = "golang.org/x/crypto"
  packages = [
    "cast5",
    "openpgp",
    "openpgp/armor",
    "openpgp/elgamal",
    "openpgp/errors",
    "openpgp/packet",
    "openpgp/s2k"
  ]
  revision = "650f4a345ab4e5b245a3034b110ebc7299e68186"

[[projects]]
  branch = "master"
  name = "golang.org/x/text"
  packages = [
    "encoding",
    "encoding/charmap",
    "encoding/internal",
    "encoding/internal/identifier",
    "encoding/japanese",
    "encoding/simplifiedchinese",
    "encoding/traditionalchinese",
    "internal/gen",
    "transform",
    "unicode/cldr"
  ]
  revision = "4e4a3210bb54bb31f6ab2cdca2edcc0b50c420c1"

[solve-meta]
  analyzer-name = "dep"
  analyzer-version = 1
  inputs-digest = "0a5efc0d6b72b289e2ac829643ccc85224ece09692c74a36ab0ad905899946c2"
  solver-name = "gps-cdcl"
  solver-version = 1
